github.com/kinbiko/jsonassert v1.0.1 h1:8gdLmUaPWuxk2TzQSofKRqatFH6zwTF6AsUH4bugJYY=
github.com/kinbiko/jsonassert v1.0.1/go.mod h1:QRwBwiAsrcJpjw+L+Q4WS8psLxuUY+HylVZS/4j74TM=
github.com/pkg/errors v0.8.1 h1:iURUrRGxPUNPdy5/HRSm+Yj6okJ6UtLINN0Q9M4+h3I=
github.com/pkg/errors v0.8.1/go.mod h1:bwawxfHBFNV+L2hUp1rHADufV3IMtnDRdf1r5NINEl0=
